hash: 54518e10335c6e0df904dfe8749abb942dcbaea38d058e9633a0b1186fbc2c4a
updated: 2017-01-04T06:32:57.798532779Z
imports:
- name: cloud.google.com/go
  version: fa261437944009fe81aa841d9976710d5235a3a7
  subpackages:
  - compute/metadata
  - internal
  - internal/optional
  - storage
- name: github.com/alecthomas/kingpin
  version: e9044be3ab2a8e11d4e1f418d12f0790d57e8d70
- name: github.com/alecthomas/template
  version: a0175ee3bccc567396460bf5acd36800cb10c49c
  subpackages:
  - parse
- name: github.com/BurntSushi/graphics-go
  version: b43f31a4a96688fba0b612e25e22648b9267e498
  subpackages:
  - graphics
  - graphics/convolve
  - graphics/interp
- name: github.com/ghodss/yaml
  version: 04f313413ffd65ce25f2541bfd2b2ceec5c0908c
- name: github.com/go-sql-driver/mysql
  version: a0583e0143b1624142adab07e0e97fe106d99561
- name: github.com/golang/protobuf
  version: 8ee79997227bf9b34611aee7946ae64735e6fd93
  subpackages:
  - proto
- name: github.com/googleapis/gax-go
  version: da06d194a00e19ce00d9011a13931c3f6f6887c7
- name: github.com/jinzhu/gorm
  version: 5174cc5c242a728b435ea2be8a2f7f998e15429b
- name: github.com/jinzhu/inflection
  version: 1c35d901db3da928c72a72d8458480cc9ade058f
- name: github.com/nfnt/resize
  version: 891127d8d1b52734debe1b3c3d7e747502b6c366
- name: github.com/pkg/errors
  version: 645ef00459ed84a119197bfb8d8205042c6df63d
- name: github.com/rwcarlsen/goexif
  version: 709fab3d192d7c62f86043caff1e7e3fb0f42bd8
  subpackages:
  - exif
  - tiff
- name: github.com/satori/go.uuid
  version: 879c5887cd475cd7864858769793b2ceb0d44feb
- name: golang.org/x/net
  version: 69d4b8aa71caaaa75c3dfc11211d1be495abec7c
  subpackages:
  - context
  - context/ctxhttp
  - http2
  - http2/hpack
  - idna
  - internal/timeseries
  - lex/httplex
  - netutil
  - trace
- name: golang.org/x/oauth2
  version: 314dd2c0bf3ebd592ec0d20847d27e79d0dbe8dd
  subpackages:
  - google
  - internal
  - jws
  - jwt
- name: google.golang.org/api
  version: 55146ba61254fdb1c26d65ff3c04bc1611ad73fb
  subpackages:
  - gensupport
  - googleapi
  - googleapi/internal/uritemplates
  - googleapi/transport
  - internal
  - iterator
  - option
  - storage/v1
  - transport
- name: google.golang.org/appengine
  version: 08a149cfaee099e6ce4be01c0113a78c85ee1dee
  subpackages:
  - internal
  - internal/app_identity
  - internal/base
  - internal/datastore
  - internal/log
  - internal/modules
  - internal/remote_api
  - internal/socket
  - internal/urlfetch
  - socket
  - urlfetch
- name: google.golang.org/grpc
  version: c8105071640ef29fce843ed96983e864bb18eb0e
  subpackages:
  - codes
  - credentials
  - credentials/oauth
  - grpclog
  - internal
  - metadata
  - naming
  - peer
  - stats
  - tap
  - transport
- name: gopkg.in/yaml.v2
  version: a5b47d31c556af34a302ce5d659e6fea44d90de0
testImports: []
