code.google.com/p/graphics-go #f843bfcd8ac420072c7f6804599995b0a229070b
github.com/Sirupsen/logrus #6ba91e24c498b49d0363c723e9e2ab2b5b8fd012
github.com/awslabs/aws-sdk-go #deafc4a36d2ce5330a23e665ca8ffa2d46558cbe
github.com/bugsnag/bugsnag-go #8d1ad4578b1e07053c43babc332f926a86ee73d1
github.com/bugsnag/osext #0dd3f918b21bec95ace9dc86c7e70266cfc5c702
github.com/bugsnag/panicwrap #e5f9854865b9778a45169fc249e99e338d4d6f27
github.com/getsentry/raven-go #c8f8fb7c415203f52ca882e2661d21bc6dcb54d7
github.com/go-sql-driver/mysql #0cc29e9fe8e25c2c58cf47bcab566e029bbaa88b
github.com/jinzhu/gorm #b96ca76e5924c4f83d9bac72415dfe754e2812bd
github.com/lib/pq #93e9980741c9e593411b94e07d5bad8cfb4809db
github.com/lsegal/gucumber #fba94dc5a9077fa81eb85199fa9dfdaa8af82ab5
github.com/nfnt/resize #dc93e1b98c579d90ee2fa15c1fd6dac34f6e7899
github.com/rwcarlsen/goexif #709fab3d192d7c62f86043caff1e7e3fb0f42bd8
github.com/shiena/ansicolor #8368d3b31cf6f2c2464c7a91675342c9a0ac6658
github.com/stretchr/testify #232e8563676cd15c3a36ba5e675ad4312ac4cb11
github.com/tobi/airbrake-go #5b5e269e1bc398d43f67e43dafff3414a59cd5a2
github.com/vaughan0/go-ini #a98ad7ee00ec53921f08832bc06ecf7fd600e6a1
